
Microsoft Visual Studio Solution File, Format Version 12.00
# Visual Studio Version 17
VisualStudioVersion = 17.8.34525.116
MinimumVisualStudioVersion = 10.0.40219.1
Project("{9A19103F-16F7-4668-BE54-9A1E7A4F7556}") = "InfnetMVC", "InfnetMVC.csproj", "{4FAE1C0E-1CBF-4FEE-84F2-A48AB3F2BBF9}"
EndProject
Global
	GlobalSection(SolutionConfigurationPlatforms) = preSolution
		Debug|Any CPU = Debug|Any CPU
		Release|Any CPU = Release|Any CPU
	EndGlobalSection
	GlobalSection(ProjectConfigurationPlatforms) = postSolution
		{4FAE1C0E-1CBF-4FEE-84F2-A48AB3F2BBF9}.Debug|Any CPU.ActiveCfg = Debug|Any CPU
		{4FAE1C0E-1CBF-4FEE-84F2-A48AB3F2BBF9}.Debug|Any CPU.Build.0 = Debug|Any CPU
		{4FAE1C0E-1CBF-4FEE-84F2-A48AB3F2BBF9}.Release|Any CPU.ActiveCfg = Release|Any CPU
		{4FAE1C0E-1CBF-4FEE-84F2-A48AB3F2BBF9}.Release|Any CPU.Build.0 = Release|Any CPU
	EndGlobalSection
	GlobalSection(SolutionProperties) = preSolution
		HideSolutionNode = FALSE
	EndGlobalSection
	GlobalSection(ExtensibilityGlobals) = postSolution
		SolutionGuid = {4B83D36E-F418-4DA6-92CF-2A640BF6053F}
	EndGlobalSection
EndGlobal
